
Microsoft Visual Studio Solution File, Format Version 12.00
# Visual Studio Version 16
VisualStudioVersion = 16.0.31019.35
MinimumVisualStudioVersion = 10.0.40219.1
Project("{FAE04EC0-301F-11D3-BF4B-00C04F79EFBC}") = "VaR.XSWY3L", "VaR.XSWY3L\VaR.XSWY3L.csproj", "{95BD9F26-D71F-47C1-B42B-BCBD608238B2}"
EndProject
Global
	GlobalSection(SolutionConfigurationPlatforms) = preSolution
		Debug|Any CPU = Debug|Any CPU
		Release|Any CPU = Release|Any CPU
	EndGlobalSection
	GlobalSection(ProjectConfigurationPlatforms) = postSolution
		{95BD9F26-D71F-47C1-B42B-BCBD608238B2}.Debug|Any CPU.ActiveCfg = Debug|Any CPU
		{95BD9F26-D71F-47C1-B42B-BCBD608238B2}.Debug|Any CPU.Build.0 = Debug|Any CPU
		{95BD9F26-D71F-47C1-B42B-BCBD608238B2}.Release|Any CPU.ActiveCfg = Release|Any CPU
		{95BD9F26-D71F-47C1-B42B-BCBD608238B2}.Release|Any CPU.Build.0 = Release|Any CPU
	EndGlobalSection
	GlobalSection(SolutionProperties) = preSolution
		HideSolutionNode = FALSE
	EndGlobalSection
	GlobalSection(ExtensibilityGlobals) = postSolution
		SolutionGuid = {281ECEC1-1583-404E-9F50-7848F22E5FDE}
	EndGlobalSection
EndGlobal
